// !$*UTF8*$!
{ archiveVersion = 1; classes = {}; objectVersion = 56; objects = {
/* Begin PBXBuildFile section */
		000000000000000000000065 /* CommandoScreenSaverView.swift in Sources */ = {isa = PBXBuildFile; fileRef = 000000000000000000000001 /* CommandoScreenSaverView.swift */; };
		000000000000000000000066 /* GameScene.swift in Sources */ = {isa = PBXBuildFile; fileRef = 000000000000000000000002 /* GameScene.swift */; };
		000000000000000000000067 /* Player.swift in Sources */ = {isa = PBXBuildFile; fileRef = 000000000000000000000003 /* Player.swift */; };
		000000000000000000000068 /* Enemy.swift in Sources */ = {isa = PBXBuildFile; fileRef = 000000000000000000000004 /* Enemy.swift */; };
		000000000000000000000069 /* Projectile.swift in Sources */ = {isa = PBXBuildFile; fileRef = 000000000000000000000005 /* Projectile.swift */; };
		00000000000000000000006A /* Explosion.swift in Sources */ = {isa = PBXBuildFile; fileRef = 000000000000000000000006 /* Explosion.swift */; };
		00000000000000000000006B /* Terrain.swift in Sources */ = {isa = PBXBuildFile; fileRef = 000000000000000000000007 /* Terrain.swift */; };
		00000000000000000000006C /* Pixel.swift in Sources */ = {isa = PBXBuildFile; fileRef = 000000000000000000000008 /* Pixel.swift */; };
/* End PBXBuildFile section */
/* Begin PBXFileReference section */
		000000000000000000000001 /* CommandoScreenSaverView.swift */ = {isa = PBXFileReference; lastKnownFileType = sourcecode.swift; path = CommandoScreenSaverView.swift; sourceTree = "<group>"; };
		000000000000000000000002 /* GameScene.swift */ = {isa = PBXFileReference; lastKnownFileType = sourcecode.swift; path = GameScene.swift; sourceTree = "<group>"; };
		000000000000000000000003 /* Player.swift */ = {isa = PBXFileReference; lastKnownFileType = sourcecode.swift; path = Player.swift; sourceTree = "<group>"; };
		000000000000000000000004 /* Enemy.swift */ = {isa = PBXFileReference; lastKnownFileType = sourcecode.swift; path = Enemy.swift; sourceTree = "<group>"; };
		000000000000000000000005 /* Projectile.swift */ = {isa = PBXFileReference; lastKnownFileType = sourcecode.swift; path = Projectile.swift; sourceTree = "<group>"; };
		000000000000000000000006 /* Explosion.swift */ = {isa = PBXFileReference; lastKnownFileType = sourcecode.swift; path = Explosion.swift; sourceTree = "<group>"; };
		000000000000000000000007 /* Terrain.swift */ = {isa = PBXFileReference; lastKnownFileType = sourcecode.swift; path = Terrain.swift; sourceTree = "<group>"; };
		000000000000000000000008 /* Pixel.swift */ = {isa = PBXFileReference; lastKnownFileType = sourcecode.swift; path = Pixel.swift; sourceTree = "<group>"; };
		AAA000000000000000000001 = {isa = PBXFileReference; explicitFileType = wrapper.cfbundle; includeInIndex = 0; path = CommandoScreenSaver.saver; sourceTree = BUILT_PRODUCTS_DIR; };
/* End PBXFileReference section */
		AAA000000000000000000002 = {isa = PBXGroup; children = (AAA000000000000000000000003, AAA000000000000000000000004); sourceTree = "<group>"; };
		AAA000000000000000000003 = {isa = PBXGroup; path = CommandoScreenSaver; sourceTree = "<group>"; children = (
				000000000000000000000001 /* CommandoScreenSaverView.swift */,
				000000000000000000000002 /* GameScene.swift */,
				000000000000000000000003 /* Player.swift */,
				000000000000000000000004 /* Enemy.swift */,
				000000000000000000000005 /* Projectile.swift */,
				000000000000000000000006 /* Explosion.swift */,
				000000000000000000000007 /* Terrain.swift */,
				000000000000000000000008 /* Pixel.swift */,
		); };
		AAA000000000000000000004 = {isa = PBXGroup; name = Products; children = (AAA000000000000000000000001); sourceTree = "<group>"; };
		AAA000000000000000000005 = {isa = PBXNativeTarget; buildConfigurationList = AAA000000000000000000000006; buildPhases = (AAA000000000000000000000007,); buildRules = (); dependencies = (); name = CommandoScreenSaver; productName = CommandoScreenSaver; productReference = AAA000000000000000000000001; productType = "com.apple.product-type.bundle"; };
		AAA000000000000000000007 = {isa = PBXSourcesBuildPhase; buildActionMask = 2147483647; files = (
				000000000000000000000065 /* CommandoScreenSaverView.swift in Sources */,
				000000000000000000000066 /* GameScene.swift in Sources */,
				000000000000000000000067 /* Player.swift in Sources */,
				000000000000000000000068 /* Enemy.swift in Sources */,
				000000000000000000000069 /* Projectile.swift in Sources */,
				00000000000000000000006A /* Explosion.swift in Sources */,
				00000000000000000000006B /* Terrain.swift in Sources */,
				00000000000000000000006C /* Pixel.swift in Sources */,
		); runOnlyForDeploymentPostprocessing = 0; };
		AAA000000000000000000008 = {isa = PBXProject; attributes = {LastSwiftUpdateCheck = 1600; LastUpgradeCheck = 1600; }; buildConfigurationList = AAA000000000000000000000009; compatibilityVersion = "Xcode 14.0"; developmentRegion = en; knownRegions = (en, Base); mainGroup = AAA000000000000000000000002; productRefGroup = AAA000000000000000000000004; projectDirPath = ""; projectRoot = ""; targets = (AAA000000000000000000000005); };
		AAA000000000000000000000006 = {isa = XCConfigurationList; buildConfigurations = (AAA00000000000000000000000A, AAA00000000000000000000000B); defaultConfigurationIsVisible = 0; defaultConfigurationName = Release; };
		AAA000000000000000000000009 = {isa = XCConfigurationList; buildConfigurations = (AAA00000000000000000000000C, AAA00000000000000000000000D); defaultConfigurationIsVisible = 0; defaultConfigurationName = Release; };
		AAA00000000000000000000000A = {isa = XCBuildConfiguration; buildSettings = {CODE_SIGN_STYLE = Automatic; COMBINE_HIDPI_IMAGES = YES; INFOPLIST_FILE = CommandoScreenSaver/Info.plist; MACOSX_DEPLOYMENT_TARGET = 13.0; PRODUCT_BUNDLE_IDENTIFIER = com.example.CommandoScreenSaver; PRODUCT_NAME = "$(TARGET_NAME)"; SDKROOT = macosx; SKIP_INSTALL = YES; SWIFT_VERSION = 5.0; WRAPPER_EXTENSION = saver; }; name = Debug; };
		AAA00000000000000000000000B = {isa = XCBuildConfiguration; buildSettings = {CODE_SIGN_STYLE = Automatic; COMBINE_HIDPI_IMAGES = YES; INFOPLIST_FILE = CommandoScreenSaver/Info.plist; MACOSX_DEPLOYMENT_TARGET = 13.0; PRODUCT_BUNDLE_IDENTIFIER = com.example.CommandoScreenSaver; PRODUCT_NAME = "$(TARGET_NAME)"; SDKROOT = macosx; SKIP_INSTALL = YES; SWIFT_OPTIMIZATION_LEVEL = "-O"; SWIFT_VERSION = 5.0; WRAPPER_EXTENSION = saver; }; name = Release; };
		AAA00000000000000000000000C = {isa = XCBuildConfiguration; buildSettings = {MACOSX_DEPLOYMENT_TARGET = 13.0; SDKROOT = macosx; }; name = Debug; };
		AAA00000000000000000000000D = {isa = XCBuildConfiguration; buildSettings = {MACOSX_DEPLOYMENT_TARGET = 13.0; SDKROOT = macosx; }; name = Release; };
}; rootObject = AAA000000000000000000000008; }
